<?xml version="1.0" encoding="utf-8"?>
<Project ToolsVersion="4.0" xmlns="http://schemas.microsoft.com/developer/msbuild/2003">
  <ItemGroup>
    <Filter Include="Source Files">
      <UniqueIdentifier>{4FC737F1-C7A5-4376-A066-2A32D752A2FF}</UniqueIdentifier>
      <Extensions>cpp;c;cc;cxx;def;odl;idl;hpj;bat;asm;asmx</Extensions>
    </Filter>
    <Filter Include="Header Files">
      <UniqueIdentifier>{93995380-89BD-4b04-88EB-625FBE52EBFB}</UniqueIdentifier>
      <Extensions>h;hh;hpp;hxx;hm;inl;inc;xsd</Extensions>
    </Filter>
    <Filter Include="Resource Files">
      <UniqueIdentifier>{67DA6AB6-F800-4c08-8B7A-83BB121AAD01}</UniqueIdentifier>
      <Extensions>rc;ico;cur;bmp;dlg;rc2;rct;bin;rgs;gif;jpg;jpeg;jpe;resx;tiff;tif;png;wav;mfcribbon-ms</Extensions>
    </Filter>
    <Filter Include="Utils">
      <UniqueIdentifier>{c1159b64-8515-470c-83eb-3d7df34664c1}</UniqueIdentifier>
    </Filter>
    <Filter Include="DataTypes">
      <UniqueIdentifier>{a099dde5-624d-4c4f-867a-204c6fc98b7c}</UniqueIdentifier>
    </Filter>
  </ItemGroup>
  <ItemGroup>
    <Text Include="ReadMe.txt" />
  </ItemGroup>
  <ItemGroup>
    <ClInclude Include="stdafx.h">
      <Filter>Header Files</Filter>
    </ClInclude>
    <ClInclude Include="targetver.h">
      <Filter>Header Files</Filter>
    </ClInclude>
    <ClInclude Include="ThostSpiMessage.h">
      <Filter>Header Files</Filter>
    </ClInclude>
    <ClInclude Include="WorkerThread.h">
      <Filter>Header Files</Filter>
    </ClInclude>
    <ClInclude Include="ThostMdApiWrapper.h">
      <Filter>Header Files</Filter>
    </ClInclude>
    <ClInclude Include="ThostBaseWrapper.h">
      <Filter>Header Files</Filter>
    </ClInclude>
    <ClInclude Include="ThostSpiHandler.h">
      <Filter>Header Files</Filter>
    </ClInclude>
    <ClInclude Include="Utils\Fault.h">
      <Filter>Utils</Filter>
    </ClInclude>
    <ClInclude Include="DataTypes\DataTypeDefs.h">
      <Filter>DataTypes</Filter>
    </ClInclude>
    <ClInclude Include="DataTypes\FtdcTranslator.h">
      <Filter>DataTypes</Filter>
    </ClInclude>
    <ClInclude Include="DataTypes\GuiDataAction.h">
      <Filter>DataTypes</Filter>
    </ClInclude>
    <ClInclude Include="Utils\Utils.h">
      <Filter>Utils</Filter>
    </ClInclude>
    <ClInclude Include="ThostTradeApiWrapper.h">
      <Filter>Header Files</Filter>
    </ClInclude>
    <ClInclude Include="QryManager.h">
      <Filter>Header Files</Filter>
    </ClInclude>
    <ClInclude Include="QuoteService.h">
      <Filter>Header Files</Filter>
    </ClInclude>
    <ClInclude Include="QuoteServerHandler.h">
      <Filter>Header Files</Filter>
    </ClInclude>
    <ClInclude Include="TradeApi.h">
      <Filter>Header Files</Filter>
    </ClInclude>
    <ClInclude Include="MarketDataApi.h">
      <Filter>Header Files</Filter>
    </ClInclude>
    <ClInclude Include="DataCenter.h">
      <Filter>Header Files</Filter>
    </ClInclude>
    <ClInclude Include="DataTypes\Formatter.h">
      <Filter>DataTypes</Filter>
    </ClInclude>
    <ClInclude Include="Utils\Logger.h">
      <Filter>Utils</Filter>
    </ClInclude>
    <ClInclude Include="Utils\IniManager.h">
      <Filter>Utils</Filter>
    </ClInclude>
    <ClInclude Include="Utils\log4z.h">
      <Filter>Utils</Filter>
    </ClInclude>
  </ItemGroup>
  <ItemGroup>
    <ClCompile Include="stdafx.cpp">
      <Filter>Source Files</Filter>
    </ClCompile>
    <ClCompile Include="ThostMdApiWrapper.cpp">
      <Filter>Source Files</Filter>
    </ClCompile>
    <ClCompile Include="Utils\Fault.cpp">
      <Filter>Utils</Filter>
    </ClCompile>
    <ClCompile Include="DataTypes\DataTypeDefs.cpp">
      <Filter>DataTypes</Filter>
    </ClCompile>
    <ClCompile Include="DataTypes\FtdcTranslator.cpp">
      <Filter>DataTypes</Filter>
    </ClCompile>
    <ClCompile Include="Utils\Utils.cpp">
      <Filter>Utils</Filter>
    </ClCompile>
    <ClCompile Include="ThostTradeApiWrapper.cpp">
      <Filter>Source Files</Filter>
    </ClCompile>
    <ClCompile Include="QryManager.cpp">
      <Filter>Source Files</Filter>
    </ClCompile>
    <ClCompile Include="QuoteService.cpp">
      <Filter>Source Files</Filter>
    </ClCompile>
    <ClCompile Include="QuoteServerHandler.cpp">
      <Filter>Source Files</Filter>
    </ClCompile>
    <ClCompile Include="DataCenter.cpp">
      <Filter>Source Files</Filter>
    </ClCompile>
    <ClCompile Include="DataTypes\Formatter.cpp">
      <Filter>DataTypes</Filter>
    </ClCompile>
    <ClCompile Include="Utils\Logger.cpp">
      <Filter>Utils</Filter>
    </ClCompile>
    <ClCompile Include="Utils\IniManager.cpp">
      <Filter>Utils</Filter>
    </ClCompile>
    <ClCompile Include="Utils\log4z.cpp">
      <Filter>Utils</Filter>
    </ClCompile>
  </ItemGroup>
</Project>